
Microsoft Visual Studio Solution File, Format Version 12.00
# Visual Studio Version 17
VisualStudioVersion = 17.5.002.0
MinimumVisualStudioVersion = 10.0.40219.1
Project("{9A19103F-16F7-4668-BE54-9A1E7A4F7556}") = "PlatformService", "PlatformService.csproj", "{52CF16F7-28C4-4C2D-ABA2-F6EDE3204282}"
EndProject
Global
	GlobalSection(SolutionConfigurationPlatforms) = preSolution
		Debug|Any CPU = Debug|Any CPU
		Release|Any CPU = Release|Any CPU
	EndGlobalSection
	GlobalSection(ProjectConfigurationPlatforms) = postSolution
		{52CF16F7-28C4-4C2D-ABA2-F6EDE3204282}.Debug|Any CPU.ActiveCfg = Debug|Any CPU
		{52CF16F7-28C4-4C2D-ABA2-F6EDE3204282}.Debug|Any CPU.Build.0 = Debug|Any CPU
		{52CF16F7-28C4-4C2D-ABA2-F6EDE3204282}.Release|Any CPU.ActiveCfg = Release|Any CPU
		{52CF16F7-28C4-4C2D-ABA2-F6EDE3204282}.Release|Any CPU.Build.0 = Release|Any CPU
	EndGlobalSection
	GlobalSection(SolutionProperties) = preSolution
		HideSolutionNode = FALSE
	EndGlobalSection
	GlobalSection(ExtensibilityGlobals) = postSolution
		SolutionGuid = {47665159-EABE-41BA-B134-48A43ACA889E}
	EndGlobalSection
EndGlobal
